
Microsoft Visual Studio Solution File, Format Version 12.00
# Visual Studio Version 17
VisualStudioVersion = 17.14.36203.30 d17.14
MinimumVisualStudioVersion = 10.0.40219.1
Project("{FAE04EC0-301F-11D3-BF4B-00C04F79EFBC}") = "MouseMoveWFevent", "MouseMoveWFevent\MouseMoveWFevent.csproj", "{7D50D75F-B00D-4A3E-9A47-96079650D21A}"
EndProject
Global
	GlobalSection(SolutionConfigurationPlatforms) = preSolution
		Debug|Any CPU = Debug|Any CPU
		Release|Any CPU = Release|Any CPU
	EndGlobalSection
	GlobalSection(ProjectConfigurationPlatforms) = postSolution
		{7D50D75F-B00D-4A3E-9A47-96079650D21A}.Debug|Any CPU.ActiveCfg = Debug|Any CPU
		{7D50D75F-B00D-4A3E-9A47-96079650D21A}.Debug|Any CPU.Build.0 = Debug|Any CPU
		{7D50D75F-B00D-4A3E-9A47-96079650D21A}.Release|Any CPU.ActiveCfg = Release|Any CPU
		{7D50D75F-B00D-4A3E-9A47-96079650D21A}.Release|Any CPU.Build.0 = Release|Any CPU
	EndGlobalSection
	GlobalSection(SolutionProperties) = preSolution
		HideSolutionNode = FALSE
	EndGlobalSection
	GlobalSection(ExtensibilityGlobals) = postSolution
		SolutionGuid = {BCCDB363-3EA5-40BA-AF4D-96C3D7960B77}
	EndGlobalSection
EndGlobal
